// !$*UTF8*$!
{
	archiveVersion = 1;
	classes = {
	};
	objectVersion = 55;
	objects = {

/* Begin PBXBuildFile section */
		4C7B0AF32823D34000C47E5F /* AppDelegate.swift in Sources */ = {isa = PBXBuildFile; fileRef = 4C7B0AF22823D34000C47E5F /* AppDelegate.swift */; };
		4C7B0AF52823D34000C47E5F /* SceneDelegate.swift in Sources */ = {isa = PBXBuildFile; fileRef = 4C7B0AF42823D34000C47E5F /* SceneDelegate.swift */; };
		4C7B0AFC2823D34100C47E5F /* Assets.xcassets in Resources */ = {isa = PBXBuildFile; fileRef = 4C7B0AFB2823D34100C47E5F /* Assets.xcassets */; };
		4C7B0AFF2823D34100C47E5F /* LaunchScreen.storyboard in Resources */ = {isa = PBXBuildFile; fileRef = 4C7B0AFD2823D34100C47E5F /* LaunchScreen.storyboard */; };
		4C7B0B0A2823D34100C47E5F /* FlickrImageSearchAppTests.swift in Sources */ = {isa = PBXBuildFile; fileRef = 4C7B0B092823D34100C47E5F /* FlickrImageSearchAppTests.swift */; };
		4C7B0B142823D34100C47E5F /* FlickrImageSearchAppUITests.swift in Sources */ = {isa = PBXBuildFile; fileRef = 4C7B0B132823D34100C47E5F /* FlickrImageSearchAppUITests.swift */; };
		4C7B0B162823D34100C47E5F /* FlickrImageSearchAppUITestsLaunchTests.swift in Sources */ = {isa = PBXBuildFile; fileRef = 4C7B0B152823D34100C47E5F /* FlickrImageSearchAppUITestsLaunchTests.swift */; };
		4C7B0B232823EB0400C47E5F /* Photo.swift in Sources */ = {isa = PBXBuildFile; fileRef = 4C7B0B222823EB0400C47E5F /* Photo.swift */; };
		4C7B0B262823EC4700C47E5F /* URLSessionHTTPClient.swift in Sources */ = {isa = PBXBuildFile; fileRef = 4C7B0B252823EC4700C47E5F /* URLSessionHTTPClient.swift */; };
		4C7B0B292823EDBB00C47E5F /* FlikerService.swift in Sources */ = {isa = PBXBuildFile; fileRef = 4C7B0B282823EDBB00C47E5F /* FlikerService.swift */; };
		4C7B0B2B2823EEDE00C47E5F /* FlickrMapper.swift in Sources */ = {isa = PBXBuildFile; fileRef = 4C7B0B2A2823EEDE00C47E5F /* FlickrMapper.swift */; };
		4C7B0B2D2823F71C00C47E5F /* Constants.swift in Sources */ = {isa = PBXBuildFile; fileRef = 4C7B0B2C2823F71C00C47E5F /* Constants.swift */; };
		4C7B0B2F2823FFC700C47E5F /* FlickrEndpoint.swift in Sources */ = {isa = PBXBuildFile; fileRef = 4C7B0B2E2823FFC700C47E5F /* FlickrEndpoint.swift */; };
		4C7B0B34282408EC00C47E5F /* PhotoListViewController.swift in Sources */ = {isa = PBXBuildFile; fileRef = 4C7B0B32282408EC00C47E5F /* PhotoListViewController.swift */; };
		4C7B0B382824097600C47E5F /* PhotoCollectionViewCell.swift in Sources */ = {isa = PBXBuildFile; fileRef = 4C7B0B362824097600C47E5F /* PhotoCollectionViewCell.swift */; };
		4C7B0B392824097600C47E5F /* PhotoCollectionViewCell.xib in Resources */ = {isa = PBXBuildFile; fileRef = 4C7B0B372824097600C47E5F /* PhotoCollectionViewCell.xib */; };
		4C7B0B3B28240A7B00C47E5F /* ImageDataService.swift in Sources */ = {isa = PBXBuildFile; fileRef = 4C7B0B3A28240A7B00C47E5F /* ImageDataService.swift */; };
		4C7B0B402824113B00C47E5F /* PhotoListViewModel.swift in Sources */ = {isa = PBXBuildFile; fileRef = 4C7B0B3F2824113B00C47E5F /* PhotoListViewModel.swift */; };
		4C7B0B482824523C00C47E5F /* UIImageView+Animations.swift in Sources */ = {isa = PBXBuildFile; fileRef = 4C7B0B472824523C00C47E5F /* UIImageView+Animations.swift */; };
		4C7B0B4A2824528700C47E5F /* UIView+Shimmering.swift in Sources */ = {isa = PBXBuildFile; fileRef = 4C7B0B492824528700C47E5F /* UIView+Shimmering.swift */; };
		4C95F6D3282552FB006F340F /* ImageDownloadOperation.swift in Sources */ = {isa = PBXBuildFile; fileRef = 4C95F6D2282552FB006F340F /* ImageDownloadOperation.swift */; };
		4C95F6D5282555A3006F340F /* Operations.swift in Sources */ = {isa = PBXBuildFile; fileRef = 4C95F6D4282555A3006F340F /* Operations.swift */; };
		4C95F6D928257D46006F340F /* ImageSearchStore.xcdatamodeld in Sources */ = {isa = PBXBuildFile; fileRef = 4C95F6D728257D46006F340F /* ImageSearchStore.xcdatamodeld */; };
		4C95F6DB28257DCB006F340F /* ManagedSearch.swift in Sources */ = {isa = PBXBuildFile; fileRef = 4C95F6DA28257DCB006F340F /* ManagedSearch.swift */; };
/* End PBXBuildFile section */

/* Begin PBXContainerItemProxy section */
		4C7B0B062823D34100C47E5F /* PBXContainerItemProxy */ = {
			isa = PBXContainerItemProxy;
			containerPortal = 4C7B0AE72823D34000C47E5F /* Project object */;
			proxyType = 1;
			remoteGlobalIDString = 4C7B0AEE2823D34000C47E5F;
			remoteInfo = FlickrImageSearchApp;
		};
		4C7B0B102823D34100C47E5F /* PBXContainerItemProxy */ = {
			isa = PBXContainerItemProxy;
			containerPortal = 4C7B0AE72823D34000C47E5F /* Project object */;
			proxyType = 1;
			remoteGlobalIDString = 4C7B0AEE2823D34000C47E5F;
			remoteInfo = FlickrImageSearchApp;
		};
/* End PBXContainerItemProxy section */

/* Begin PBXFileReference section */
		4C7B0AEF2823D34000C47E5F /* FlickrImageSearchApp.app */ = {isa = PBXFileReference; explicitFileType = wrapper.application; includeInIndex = 0; path = FlickrImageSearchApp.app; sourceTree = BUILT_PRODUCTS_DIR; };
		4C7B0AF22823D34000C47E5F /* AppDelegate.swift */ = {isa = PBXFileReference; lastKnownFileType = sourcecode.swift; path = AppDelegate.swift; sourceTree = "<group>"; };
		4C7B0AF42823D34000C47E5F /* SceneDelegate.swift */ = {isa = PBXFileReference; lastKnownFileType = sourcecode.swift; path = SceneDelegate.swift; sourceTree = "<group>"; };
		4C7B0AFB2823D34100C47E5F /* Assets.xcassets */ = {isa = PBXFileReference; lastKnownFileType = folder.assetcatalog; path = Assets.xcassets; sourceTree = "<group>"; };
		4C7B0AFE2823D34100C47E5F /* Base */ = {isa = PBXFileReference; lastKnownFileType = file.storyboard; name = Base; path = Base.lproj/LaunchScreen.storyboard; sourceTree = "<group>"; };
		4C7B0B002823D34100C47E5F /* Info.plist */ = {isa = PBXFileReference; lastKnownFileType = text.plist.xml; path = Info.plist; sourceTree = "<group>"; };
		4C7B0B052823D34100C47E5F /* FlickrImageSearchAppTests.xctest */ = {isa = PBXFileReference; explicitFileType = wrapper.cfbundle; includeInIndex = 0; path = FlickrImageSearchAppTests.xctest; sourceTree = BUILT_PRODUCTS_DIR; };
		4C7B0B092823D34100C47E5F /* FlickrImageSearchAppTests.swift */ = {isa = PBXFileReference; lastKnownFileType = sourcecode.swift; path = FlickrImageSearchAppTests.swift; sourceTree = "<group>"; };
		4C7B0B0F2823D34100C47E5F /* FlickrImageSearchAppUITests.xctest */ = {isa = PBXFileReference; explicitFileType = wrapper.cfbundle; includeInIndex = 0; path = FlickrImageSearchAppUITests.xctest; sourceTree = BUILT_PRODUCTS_DIR; };
		4C7B0B132823D34100C47E5F /* FlickrImageSearchAppUITests.swift */ = {isa = PBXFileReference; lastKnownFileType = sourcecode.swift; path = FlickrImageSearchAppUITests.swift; sourceTree = "<group>"; };
		4C7B0B152823D34100C47E5F /* FlickrImageSearchAppUITestsLaunchTests.swift */ = {isa = PBXFileReference; lastKnownFileType = sourcecode.swift; path = FlickrImageSearchAppUITestsLaunchTests.swift; sourceTree = "<group>"; };
		4C7B0B222823EB0400C47E5F /* Photo.swift */ = {isa = PBXFileReference; lastKnownFileType = sourcecode.swift; path = Photo.swift; sourceTree = "<group>"; };
		4C7B0B252823EC4700C47E5F /* URLSessionHTTPClient.swift */ = {isa = PBXFileReference; lastKnownFileType = sourcecode.swift; path = URLSessionHTTPClient.swift; sourceTree = "<group>"; };
		4C7B0B282823EDBB00C47E5F /* FlikerService.swift */ = {isa = PBXFileReference; lastKnownFileType = sourcecode.swift; path = FlikerService.swift; sourceTree = "<group>"; };
		4C7B0B2A2823EEDE00C47E5F /* FlickrMapper.swift */ = {isa = PBXFileReference; lastKnownFileType = sourcecode.swift; path = FlickrMapper.swift; sourceTree = "<group>"; };
		4C7B0B2C2823F71C00C47E5F /* Constants.swift */ = {isa = PBXFileReference; lastKnownFileType = sourcecode.swift; path = Constants.swift; sourceTree = "<group>"; };
		4C7B0B2E2823FFC700C47E5F /* FlickrEndpoint.swift */ = {isa = PBXFileReference; lastKnownFileType = sourcecode.swift; path = FlickrEndpoint.swift; sourceTree = "<group>"; };
		4C7B0B32282408EC00C47E5F /* PhotoListViewController.swift */ = {isa = PBXFileReference; lastKnownFileType = sourcecode.swift; path = PhotoListViewController.swift; sourceTree = "<group>"; };
		4C7B0B362824097600C47E5F /* PhotoCollectionViewCell.swift */ = {isa = PBXFileReference; lastKnownFileType = sourcecode.swift; path = PhotoCollectionViewCell.swift; sourceTree = "<group>"; };
		4C7B0B372824097600C47E5F /* PhotoCollectionViewCell.xib */ = {isa = PBXFileReference; lastKnownFileType = file.xib; path = PhotoCollectionViewCell.xib; sourceTree = "<group>"; };
		4C7B0B3A28240A7B00C47E5F /* ImageDataService.swift */ = {isa = PBXFileReference; lastKnownFileType = sourcecode.swift; path = ImageDataService.swift; sourceTree = "<group>"; };
		4C7B0B3F2824113B00C47E5F /* PhotoListViewModel.swift */ = {isa = PBXFileReference; lastKnownFileType = sourcecode.swift; path = PhotoListViewModel.swift; sourceTree = "<group>"; };
		4C7B0B472824523C00C47E5F /* UIImageView+Animations.swift */ = {isa = PBXFileReference; lastKnownFileType = sourcecode.swift; path = "UIImageView+Animations.swift"; sourceTree = "<group>"; };
		4C7B0B492824528700C47E5F /* UIView+Shimmering.swift */ = {isa = PBXFileReference; lastKnownFileType = sourcecode.swift; path = "UIView+Shimmering.swift"; sourceTree = "<group>"; };
		4C95F6D2282552FB006F340F /* ImageDownloadOperation.swift */ = {isa = PBXFileReference; lastKnownFileType = sourcecode.swift; path = ImageDownloadOperation.swift; sourceTree = "<group>"; };
		4C95F6D4282555A3006F340F /* Operations.swift */ = {isa = PBXFileReference; lastKnownFileType = sourcecode.swift; path = Operations.swift; sourceTree = "<group>"; };
		4C95F6D828257D46006F340F /* ImageSearchStore.xcdatamodel */ = {isa = PBXFileReference; lastKnownFileType = wrapper.xcdatamodel; path = ImageSearchStore.xcdatamodel; sourceTree = "<group>"; };
		4C95F6DA28257DCB006F340F /* ManagedSearch.swift */ = {isa = PBXFileReference; lastKnownFileType = sourcecode.swift; path = ManagedSearch.swift; sourceTree = "<group>"; };
/* End PBXFileReference section */

/* Begin PBXFrameworksBuildPhase section */
		4C7B0AEC2823D34000C47E5F /* Frameworks */ = {
			isa = PBXFrameworksBuildPhase;
			buildActionMask = 2147483647;
			files = (
			);
			runOnlyForDeploymentPostprocessing = 0;
		};
		4C7B0B022823D34100C47E5F /* Frameworks */ = {
			isa = PBXFrameworksBuildPhase;
			buildActionMask = 2147483647;
			files = (
			);
			runOnlyForDeploymentPostprocessing = 0;
		};
		4C7B0B0C2823D34100C47E5F /* Frameworks */ = {
			isa = PBXFrameworksBuildPhase;
			buildActionMask = 2147483647;
			files = (
			);
			runOnlyForDeploymentPostprocessing = 0;
		};
/* End PBXFrameworksBuildPhase section */

/* Begin PBXGroup section */
		4C7B0AE62823D34000C47E5F = {
			isa = PBXGroup;
			children = (
				4C7B0AF12823D34000C47E5F /* FlickrImageSearchApp */,
				4C7B0B082823D34100C47E5F /* FlickrImageSearchAppTests */,
				4C7B0B122823D34100C47E5F /* FlickrImageSearchAppUITests */,
				4C7B0AF02823D34000C47E5F /* Products */,
			);
			sourceTree = "<group>";
		};
		4C7B0AF02823D34000C47E5F /* Products */ = {
			isa = PBXGroup;
			children = (
				4C7B0AEF2823D34000C47E5F /* FlickrImageSearchApp.app */,
				4C7B0B052823D34100C47E5F /* FlickrImageSearchAppTests.xctest */,
				4C7B0B0F2823D34100C47E5F /* FlickrImageSearchAppUITests.xctest */,
			);
			name = Products;
			sourceTree = "<group>";
		};
		4C7B0AF12823D34000C47E5F /* FlickrImageSearchApp */ = {
			isa = PBXGroup;
			children = (
				4C95F6D628257CF1006F340F /* Cache Infrastructure */,
				4C7B0B242823EC2C00C47E5F /* API Infrastructure */,
				4C7B0B302824038100C47E5F /* Domain */,
				4C7B0B272823ED9200C47E5F /* Photo API */,
				4C7B0B312824059100C47E5F /* Presentation */,
				4C7B0AF22823D34000C47E5F /* AppDelegate.swift */,
				4C7B0AF42823D34000C47E5F /* SceneDelegate.swift */,
				4C7B0AFB2823D34100C47E5F /* Assets.xcassets */,
				4C7B0AFD2823D34100C47E5F /* LaunchScreen.storyboard */,
				4C7B0B002823D34100C47E5F /* Info.plist */,
				4C7B0B2C2823F71C00C47E5F /* Constants.swift */,
			);
			path = FlickrImageSearchApp;
			sourceTree = "<group>";
		};
		4C7B0B082823D34100C47E5F /* FlickrImageSearchAppTests */ = {
			isa = PBXGroup;
			children = (
				4C7B0B092823D34100C47E5F /* FlickrImageSearchAppTests.swift */,
			);
			path = FlickrImageSearchAppTests;
			sourceTree = "<group>";
		};
		4C7B0B122823D34100C47E5F /* FlickrImageSearchAppUITests */ = {
			isa = PBXGroup;
			children = (
				4C7B0B132823D34100C47E5F /* FlickrImageSearchAppUITests.swift */,
				4C7B0B152823D34100C47E5F /* FlickrImageSearchAppUITestsLaunchTests.swift */,
			);
			path = FlickrImageSearchAppUITests;
			sourceTree = "<group>";
		};
		4C7B0B242823EC2C00C47E5F /* API Infrastructure */ = {
			isa = PBXGroup;
			children = (
				4C7B0B252823EC4700C47E5F /* URLSessionHTTPClient.swift */,
			);
			path = "API Infrastructure";
			sourceTree = "<group>";
		};
		4C7B0B272823ED9200C47E5F /* Photo API */ = {
			isa = PBXGroup;
			children = (
				4C7B0B2A2823EEDE00C47E5F /* FlickrMapper.swift */,
				4C7B0B3A28240A7B00C47E5F /* ImageDataService.swift */,
				4C7B0B282823EDBB00C47E5F /* FlikerService.swift */,
				4C7B0B2E2823FFC700C47E5F /* FlickrEndpoint.swift */,
			);
			path = "Photo API";
			sourceTree = "<group>";
		};
		4C7B0B302824038100C47E5F /* Domain */ = {
			isa = PBXGroup;
			children = (
				4C7B0B222823EB0400C47E5F /* Photo.swift */,
			);
			path = Domain;
			sourceTree = "<group>";
		};
		4C7B0B312824059100C47E5F /* Presentation */ = {
			isa = PBXGroup;
			children = (
				4C7B0B46282451FB00C47E5F /* Extensions */,
				4C7B0B3C28240C7F00C47E5F /* ViewModels */,
				4C7B0B32282408EC00C47E5F /* PhotoListViewController.swift */,
				4C7B0B45282451F500C47E5F /* Views */,
			);
			path = Presentation;
			sourceTree = "<group>";
		};
		4C7B0B3C28240C7F00C47E5F /* ViewModels */ = {
			isa = PBXGroup;
			children = (
				4C7B0B3F2824113B00C47E5F /* PhotoListViewModel.swift */,
			);
			path = ViewModels;
			sourceTree = "<group>";
		};
		4C7B0B45282451F500C47E5F /* Views */ = {
			isa = PBXGroup;
			children = (
				4C95F6D1282552A9006F340F /* Utils */,
				4C7B0B362824097600C47E5F /* PhotoCollectionViewCell.swift */,
				4C7B0B372824097600C47E5F /* PhotoCollectionViewCell.xib */,
			);
			path = Views;
			sourceTree = "<group>";
		};
		4C7B0B46282451FB00C47E5F /* Extensions */ = {
			isa = PBXGroup;
			children = (
				4C7B0B472824523C00C47E5F /* UIImageView+Animations.swift */,
				4C7B0B492824528700C47E5F /* UIView+Shimmering.swift */,
			);
			path = Extensions;
			sourceTree = "<group>";
		};
		4C95F6D1282552A9006F340F /* Utils */ = {
			isa = PBXGroup;
			children = (
				4C95F6D2282552FB006F340F /* ImageDownloadOperation.swift */,
				4C95F6D4282555A3006F340F /* Operations.swift */,
			);
			path = Utils;
			sourceTree = "<group>";
		};
		4C95F6D628257CF1006F340F /* Cache Infrastructure */ = {
			isa = PBXGroup;
			children = (
				4C95F6D728257D46006F340F /* ImageSearchStore.xcdatamodeld */,
				4C95F6DA28257DCB006F340F /* ManagedSearch.swift */,
			);
			path = "Cache Infrastructure";
			sourceTree = "<group>";
		};
/* End PBXGroup section */

/* Begin PBXNativeTarget section */
		4C7B0AEE2823D34000C47E5F /* FlickrImageSearchApp */ = {
			isa = PBXNativeTarget;
			buildConfigurationList = 4C7B0B192823D34100C47E5F /* Build configuration list for PBXNativeTarget "FlickrImageSearchApp" */;
			buildPhases = (
				4C7B0AEB2823D34000C47E5F /* Sources */,
				4C7B0AEC2823D34000C47E5F /* Frameworks */,
				4C7B0AED2823D34000C47E5F /* Resources */,
			);
			buildRules = (
			);
			dependencies = (
			);
			name = FlickrImageSearchApp;
			productName = FlickrImageSearchApp;
			productReference = 4C7B0AEF2823D34000C47E5F /* FlickrImageSearchApp.app */;
			productType = "com.apple.product-type.application";
		};
		4C7B0B042823D34100C47E5F /* FlickrImageSearchAppTests */ = {
			isa = PBXNativeTarget;
			buildConfigurationList = 4C7B0B1C2823D34100C47E5F /* Build configuration list for PBXNativeTarget "FlickrImageSearchAppTests" */;
			buildPhases = (
				4C7B0B012823D34100C47E5F /* Sources */,
				4C7B0B022823D34100C47E5F /* Frameworks */,
				4C7B0B032823D34100C47E5F /* Resources */,
			);
			buildRules = (
			);
			dependencies = (
				4C7B0B072823D34100C47E5F /* PBXTargetDependency */,
			);
			name = FlickrImageSearchAppTests;
			productName = FlickrImageSearchAppTests;
			productReference = 4C7B0B052823D34100C47E5F /* FlickrImageSearchAppTests.xctest */;
			productType = "com.apple.product-type.bundle.unit-test";
		};
		4C7B0B0E2823D34100C47E5F /* FlickrImageSearchAppUITests */ = {
			isa = PBXNativeTarget;
			buildConfigurationList = 4C7B0B1F2823D34100C47E5F /* Build configuration list for PBXNativeTarget "FlickrImageSearchAppUITests" */;
			buildPhases = (
				4C7B0B0B2823D34100C47E5F /* Sources */,
				4C7B0B0C2823D34100C47E5F /* Frameworks */,
				4C7B0B0D2823D34100C47E5F /* Resources */,
			);
			buildRules = (
			);
			dependencies = (
				4C7B0B112823D34100C47E5F /* PBXTargetDependency */,
			);
			name = FlickrImageSearchAppUITests;
			productName = FlickrImageSearchAppUITests;
			productReference = 4C7B0B0F2823D34100C47E5F /* FlickrImageSearchAppUITests.xctest */;
			productType = "com.apple.product-type.bundle.ui-testing";
		};
/* End PBXNativeTarget section */

/* Begin PBXProject section */
		4C7B0AE72823D34000C47E5F /* Project object */ = {
			isa = PBXProject;
			attributes = {
				BuildIndependentTargetsInParallel = 1;
				LastSwiftUpdateCheck = 1330;
				LastUpgradeCheck = 1330;
				TargetAttributes = {
					4C7B0AEE2823D34000C47E5F = {
						CreatedOnToolsVersion = 13.3.1;
					};
					4C7B0B042823D34100C47E5F = {
						CreatedOnToolsVersion = 13.3.1;
						TestTargetID = 4C7B0AEE2823D34000C47E5F;
					};
					4C7B0B0E2823D34100C47E5F = {
						CreatedOnToolsVersion = 13.3.1;
						TestTargetID = 4C7B0AEE2823D34000C47E5F;
					};
				};
			};
			buildConfigurationList = 4C7B0AEA2823D34000C47E5F /* Build configuration list for PBXProject "FlickrImageSearchApp" */;
			compatibilityVersion = "Xcode 13.0";
			developmentRegion = en;
			hasScannedForEncodings = 0;
			knownRegions = (
				en,
				Base,
			);
			mainGroup = 4C7B0AE62823D34000C47E5F;
			productRefGroup = 4C7B0AF02823D34000C47E5F /* Products */;
			projectDirPath = "";
			projectRoot = "";
			targets = (
				4C7B0AEE2823D34000C47E5F /* FlickrImageSearchApp */,
				4C7B0B042823D34100C47E5F /* FlickrImageSearchAppTests */,
				4C7B0B0E2823D34100C47E5F /* FlickrImageSearchAppUITests */,
			);
		};
/* End PBXProject section */

/* Begin PBXResourcesBuildPhase section */
		4C7B0AED2823D34000C47E5F /* Resources */ = {
			isa = PBXResourcesBuildPhase;
			buildActionMask = 2147483647;
			files = (
				4C7B0AFF2823D34100C47E5F /* LaunchScreen.storyboard in Resources */,
				4C7B0B392824097600C47E5F /* PhotoCollectionViewCell.xib in Resources */,
				4C7B0AFC2823D34100C47E5F /* Assets.xcassets in Resources */,
			);
			runOnlyForDeploymentPostprocessing = 0;
		};
		4C7B0B032823D34100C47E5F /* Resources */ = {
			isa = PBXResourcesBuildPhase;
			buildActionMask = 2147483647;
			files = (
			);
			runOnlyForDeploymentPostprocessing = 0;
		};
		4C7B0B0D2823D34100C47E5F /* Resources */ = {
			isa = PBXResourcesBuildPhase;
			buildActionMask = 2147483647;
			files = (
			);
			runOnlyForDeploymentPostprocessing = 0;
		};
/* End PBXResourcesBuildPhase section */

/* Begin PBXSourcesBuildPhase section */
		4C7B0AEB2823D34000C47E5F /* Sources */ = {
			isa = PBXSourcesBuildPhase;
			buildActionMask = 2147483647;
			files = (
				4C7B0B232823EB0400C47E5F /* Photo.swift in Sources */,
				4C95F6D928257D46006F340F /* ImageSearchStore.xcdatamodeld in Sources */,
				4C7B0B382824097600C47E5F /* PhotoCollectionViewCell.swift in Sources */,
				4C95F6DB28257DCB006F340F /* ManagedSearch.swift in Sources */,
				4C7B0B2B2823EEDE00C47E5F /* FlickrMapper.swift in Sources */,
				4C7B0B34282408EC00C47E5F /* PhotoListViewController.swift in Sources */,
				4C7B0B2F2823FFC700C47E5F /* FlickrEndpoint.swift in Sources */,
				4C7B0B262823EC4700C47E5F /* URLSessionHTTPClient.swift in Sources */,
				4C7B0B4A2824528700C47E5F /* UIView+Shimmering.swift in Sources */,
				4C7B0B3B28240A7B00C47E5F /* ImageDataService.swift in Sources */,
				4C95F6D3282552FB006F340F /* ImageDownloadOperation.swift in Sources */,
				4C7B0B482824523C00C47E5F /* UIImageView+Animations.swift in Sources */,
				4C7B0AF32823D34000C47E5F /* AppDelegate.swift in Sources */,
				4C95F6D5282555A3006F340F /* Operations.swift in Sources */,
				4C7B0B402824113B00C47E5F /* PhotoListViewModel.swift in Sources */,
				4C7B0B292823EDBB00C47E5F /* FlikerService.swift in Sources */,
				4C7B0AF52823D34000C47E5F /* SceneDelegate.swift in Sources */,
				4C7B0B2D2823F71C00C47E5F /* Constants.swift in Sources */,
			);
			runOnlyForDeploymentPostprocessing = 0;
		};
		4C7B0B012823D34100C47E5F /* Sources */ = {
			isa = PBXSourcesBuildPhase;
			buildActionMask = 2147483647;
			files = (
				4C7B0B0A2823D34100C47E5F /* FlickrImageSearchAppTests.swift in Sources */,
			);
			runOnlyForDeploymentPostprocessing = 0;
		};
		4C7B0B0B2823D34100C47E5F /* Sources */ = {
			isa = PBXSourcesBuildPhase;
			buildActionMask = 2147483647;
			files = (
				4C7B0B142823D34100C47E5F /* FlickrImageSearchAppUITests.swift in Sources */,
				4C7B0B162823D34100C47E5F /* FlickrImageSearchAppUITestsLaunchTests.swift in Sources */,
			);
			runOnlyForDeploymentPostprocessing = 0;
		};
/* End PBXSourcesBuildPhase section */

/* Begin PBXTargetDependency section */
		4C7B0B072823D34100C47E5F /* PBXTargetDependency */ = {
			isa = PBXTargetDependency;
			target = 4C7B0AEE2823D34000C47E5F /* FlickrImageSearchApp */;
			targetProxy = 4C7B0B062823D34100C47E5F /* PBXContainerItemProxy */;
		};
		4C7B0B112823D34100C47E5F /* PBXTargetDependency */ = {
			isa = PBXTargetDependency;
			target = 4C7B0AEE2823D34000C47E5F /* FlickrImageSearchApp */;
			targetProxy = 4C7B0B102823D34100C47E5F /* PBXContainerItemProxy */;
		};
/* End PBXTargetDependency section */

/* Begin PBXVariantGroup section */
		4C7B0AFD2823D34100C47E5F /* LaunchScreen.storyboard */ = {
			isa = PBXVariantGroup;
			children = (
				4C7B0AFE2823D34100C47E5F /* Base */,
			);
			name = LaunchScreen.storyboard;
			sourceTree = "<group>";
		};
/* End PBXVariantGroup section */

/* Begin XCBuildConfiguration section */
		4C7B0B172823D34100C47E5F /* Debug */ = {
			isa = XCBuildConfiguration;
			buildSettings = {
				ALWAYS_SEARCH_USER_PATHS = NO;
				CLANG_ANALYZER_NONNULL = YES;
				CLANG_ANALYZER_NUMBER_OBJECT_CONVERSION = YES_AGGRESSIVE;
				CLANG_CXX_LANGUAGE_STANDARD = "gnu++17";
				CLANG_ENABLE_MODULES = YES;
				CLANG_ENABLE_OBJC_ARC = YES;
				CLANG_ENABLE_OBJC_WEAK = YES;
				CLANG_WARN_BLOCK_CAPTURE_AUTORELEASING = YES;
				CLANG_WARN_BOOL_CONVERSION = YES;
				CLANG_WARN_COMMA = YES;
				CLANG_WARN_CONSTANT_CONVERSION = YES;
				CLANG_WARN_DEPRECATED_OBJC_IMPLEMENTATIONS = YES;
				CLANG_WARN_DIRECT_OBJC_ISA_USAGE = YES_ERROR;
				CLANG_WARN_DOCUMENTATION_COMMENTS = YES;
				CLANG_WARN_EMPTY_BODY = YES;
				CLANG_WARN_ENUM_CONVERSION = YES;
				CLANG_WARN_INFINITE_RECURSION = YES;
				CLANG_WARN_INT_CONVERSION = YES;
				CLANG_WARN_NON_LITERAL_NULL_CONVERSION = YES;
				CLANG_WARN_OBJC_IMPLICIT_RETAIN_SELF = YES;
				CLANG_WARN_OBJC_LITERAL_CONVERSION = YES;
				CLANG_WARN_OBJC_ROOT_CLASS = YES_ERROR;
				CLANG_WARN_QUOTED_INCLUDE_IN_FRAMEWORK_HEADER = YES;
				CLANG_WARN_RANGE_LOOP_ANALYSIS = YES;
				CLANG_WARN_STRICT_PROTOTYPES = YES;
				CLANG_WARN_SUSPICIOUS_MOVE = YES;
				CLANG_WARN_UNGUARDED_AVAILABILITY = YES_AGGRESSIVE;
				CLANG_WARN_UNREACHABLE_CODE = YES;
				CLANG_WARN__DUPLICATE_METHOD_MATCH = YES;
				COPY_PHASE_STRIP = NO;
				DEBUG_INFORMATION_FORMAT = dwarf;
				ENABLE_STRICT_OBJC_MSGSEND = YES;
				ENABLE_TESTABILITY = YES;
				GCC_C_LANGUAGE_STANDARD = gnu11;
				GCC_DYNAMIC_NO_PIC = NO;
				GCC_NO_COMMON_BLOCKS = YES;
				GCC_OPTIMIZATION_LEVEL = 0;
				GCC_PREPROCESSOR_DEFINITIONS = (
					"DEBUG=1",
					"$(inherited)",
				);
				GCC_WARN_64_TO_32_BIT_CONVERSION = YES;
				GCC_WARN_ABOUT_RETURN_TYPE = YES_ERROR;
				GCC_WARN_UNDECLARED_SELECTOR = YES;
				GCC_WARN_UNINITIALIZED_AUTOS = YES_AGGRESSIVE;
				GCC_WARN_UNUSED_FUNCTION = YES;
				GCC_WARN_UNUSED_VARIABLE = YES;
				IPHONEOS_DEPLOYMENT_TARGET = 15.4;
				MTL_ENABLE_DEBUG_INFO = INCLUDE_SOURCE;
				MTL_FAST_MATH = YES;
				ONLY_ACTIVE_ARCH = YES;
				SDKROOT = iphoneos;
				SWIFT_ACTIVE_COMPILATION_CONDITIONS = DEBUG;
				SWIFT_OPTIMIZATION_LEVEL = "-Onone";
			};
			name = Debug;
		};
		4C7B0B182823D34100C47E5F /* Release */ = {
			isa = XCBuildConfiguration;
			buildSettings = {
				ALWAYS_SEARCH_USER_PATHS = NO;
				CLANG_ANALYZER_NONNULL = YES;
				CLANG_ANALYZER_NUMBER_OBJECT_CONVERSION = YES_AGGRESSIVE;
				CLANG_CXX_LANGUAGE_STANDARD = "gnu++17";
				CLANG_ENABLE_MODULES = YES;
				CLANG_ENABLE_OBJC_ARC = YES;
				CLANG_ENABLE_OBJC_WEAK = YES;
				CLANG_WARN_BLOCK_CAPTURE_AUTORELEASING = YES;
				CLANG_WARN_BOOL_CONVERSION = YES;
				CLANG_WARN_COMMA = YES;
				CLANG_WARN_CONSTANT_CONVERSION = YES;
				CLANG_WARN_DEPRECATED_OBJC_IMPLEMENTATIONS = YES;
				CLANG_WARN_DIRECT_OBJC_ISA_USAGE = YES_ERROR;
				CLANG_WARN_DOCUMENTATION_COMMENTS = YES;
				CLANG_WARN_EMPTY_BODY = YES;
				CLANG_WARN_ENUM_CONVERSION = YES;
				CLANG_WARN_INFINITE_RECURSION = YES;
				CLANG_WARN_INT_CONVERSION = YES;
				CLANG_WARN_NON_LITERAL_NULL_CONVERSION = YES;
				CLANG_WARN_OBJC_IMPLICIT_RETAIN_SELF = YES;
				CLANG_WARN_OBJC_LITERAL_CONVERSION = YES;
				CLANG_WARN_OBJC_ROOT_CLASS = YES_ERROR;
				CLANG_WARN_QUOTED_INCLUDE_IN_FRAMEWORK_HEADER = YES;
				CLANG_WARN_RANGE_LOOP_ANALYSIS = YES;
				CLANG_WARN_STRICT_PROTOTYPES = YES;
				CLANG_WARN_SUSPICIOUS_MOVE = YES;
				CLANG_WARN_UNGUARDED_AVAILABILITY = YES_AGGRESSIVE;
				CLANG_WARN_UNREACHABLE_CODE = YES;
				CLANG_WARN__DUPLICATE_METHOD_MATCH = YES;
				COPY_PHASE_STRIP = NO;
				DEBUG_INFORMATION_FORMAT = "dwarf-with-dsym";
				ENABLE_NS_ASSERTIONS = NO;
				ENABLE_STRICT_OBJC_MSGSEND = YES;
				GCC_C_LANGUAGE_STANDARD = gnu11;
				GCC_NO_COMMON_BLOCKS = YES;
				GCC_WARN_64_TO_32_BIT_CONVERSION = YES;
				GCC_WARN_ABOUT_RETURN_TYPE = YES_ERROR;
				GCC_WARN_UNDECLARED_SELECTOR = YES;
				GCC_WARN_UNINITIALIZED_AUTOS = YES_AGGRESSIVE;
				GCC_WARN_UNUSED_FUNCTION = YES;
				GCC_WARN_UNUSED_VARIABLE = YES;
				IPHONEOS_DEPLOYMENT_TARGET = 15.4;
				MTL_ENABLE_DEBUG_INFO = NO;
				MTL_FAST_MATH = YES;
				SDKROOT = iphoneos;
				SWIFT_COMPILATION_MODE = wholemodule;
				SWIFT_OPTIMIZATION_LEVEL = "-O";
				VALIDATE_PRODUCT = YES;
			};
			name = Release;
		};
		4C7B0B1A2823D34100C47E5F /* Debug */ = {
			isa = XCBuildConfiguration;
			buildSettings = {
				ASSETCATALOG_COMPILER_APPICON_NAME = AppIcon;
				ASSETCATALOG_COMPILER_GLOBAL_ACCENT_COLOR_NAME = AccentColor;
				CODE_SIGN_IDENTITY = "Apple Development";
				CODE_SIGN_STYLE = Automatic;
				CURRENT_PROJECT_VERSION = 1;
				DEVELOPMENT_TEAM = QU3CT6V6H6;
				GENERATE_INFOPLIST_FILE = YES;
				INFOPLIST_FILE = FlickrImageSearchApp/Info.plist;
				INFOPLIST_KEY_UIApplicationSupportsIndirectInputEvents = YES;
				INFOPLIST_KEY_UILaunchStoryboardName = LaunchScreen;
				INFOPLIST_KEY_UISupportedInterfaceOrientations_iPad = "UIInterfaceOrientationPortrait UIInterfaceOrientationPortraitUpsideDown UIInterfaceOrientationLandscapeLeft UIInterfaceOrientationLandscapeRight";
				INFOPLIST_KEY_UISupportedInterfaceOrientations_iPhone = "UIInterfaceOrientationPortrait UIInterfaceOrientationLandscapeLeft UIInterfaceOrientationLandscapeRight";
				LD_RUNPATH_SEARCH_PATHS = (
					"$(inherited)",
					"@executable_path/Frameworks",
				);
				MARKETING_VERSION = 1.0;
				PRODUCT_BUNDLE_IDENTIFIER = com.bitar.FlickrImageSearchApp;
				PRODUCT_NAME = "$(TARGET_NAME)";
				PROVISIONING_PROFILE_SPECIFIER = "";
				SWIFT_EMIT_LOC_STRINGS = YES;
				SWIFT_VERSION = 5.0;
				TARGETED_DEVICE_FAMILY = "1,2";
			};
			name = Debug;
		};
		4C7B0B1B2823D34100C47E5F /* Release */ = {
			isa = XCBuildConfiguration;
			buildSettings = {
				ASSETCATALOG_COMPILER_APPICON_NAME = AppIcon;
				ASSETCATALOG_COMPILER_GLOBAL_ACCENT_COLOR_NAME = AccentColor;
				CODE_SIGN_IDENTITY = "Apple Development";
				CODE_SIGN_STYLE = Automatic;
				CURRENT_PROJECT_VERSION = 1;
				DEVELOPMENT_TEAM = QU3CT6V6H6;
				GENERATE_INFOPLIST_FILE = YES;
				INFOPLIST_FILE = FlickrImageSearchApp/Info.plist;
				INFOPLIST_KEY_UIApplicationSupportsIndirectInputEvents = YES;
				INFOPLIST_KEY_UILaunchStoryboardName = LaunchScreen;
				INFOPLIST_KEY_UISupportedInterfaceOrientations_iPad = "UIInterfaceOrientationPortrait UIInterfaceOrientationPortraitUpsideDown UIInterfaceOrientationLandscapeLeft UIInterfaceOrientationLandscapeRight";
				INFOPLIST_KEY_UISupportedInterfaceOrientations_iPhone = "UIInterfaceOrientationPortrait UIInterfaceOrientationLandscapeLeft UIInterfaceOrientationLandscapeRight";
				LD_RUNPATH_SEARCH_PATHS = (
					"$(inherited)",
					"@executable_path/Frameworks",
				);
				MARKETING_VERSION = 1.0;
				PRODUCT_BUNDLE_IDENTIFIER = com.bitar.FlickrImageSearchApp;
				PRODUCT_NAME = "$(TARGET_NAME)";
				PROVISIONING_PROFILE_SPECIFIER = "";
				SWIFT_EMIT_LOC_STRINGS = YES;
				SWIFT_VERSION = 5.0;
				TARGETED_DEVICE_FAMILY = "1,2";
			};
			name = Release;
		};
		4C7B0B1D2823D34100C47E5F /* Debug */ = {
			isa = XCBuildConfiguration;
			buildSettings = {
				ALWAYS_EMBED_SWIFT_STANDARD_LIBRARIES = YES;
				BUNDLE_LOADER = "$(TEST_HOST)";
				CODE_SIGN_STYLE = Automatic;
				CURRENT_PROJECT_VERSION = 1;
				DEVELOPMENT_TEAM = ZUTM2D9M6W;
				GENERATE_INFOPLIST_FILE = YES;
				IPHONEOS_DEPLOYMENT_TARGET = 15.4;
				MARKETING_VERSION = 1.0;
				PRODUCT_BUNDLE_IDENTIFIER = com.bitar.FlickrImageSearchAppTests;
				PRODUCT_NAME = "$(TARGET_NAME)";
				SWIFT_EMIT_LOC_STRINGS = NO;
				SWIFT_VERSION = 5.0;
				TARGETED_DEVICE_FAMILY = "1,2";
				TEST_HOST = "$(BUILT_PRODUCTS_DIR)/FlickrImageSearchApp.app/FlickrImageSearchApp";
			};
			name = Debug;
		};
		4C7B0B1E2823D34100C47E5F /* Release */ = {
			isa = XCBuildConfiguration;
			buildSettings = {
				ALWAYS_EMBED_SWIFT_STANDARD_LIBRARIES = YES;
				BUNDLE_LOADER = "$(TEST_HOST)";
				CODE_SIGN_STYLE = Automatic;
				CURRENT_PROJECT_VERSION = 1;
				DEVELOPMENT_TEAM = ZUTM2D9M6W;
				GENERATE_INFOPLIST_FILE = YES;
				IPHONEOS_DEPLOYMENT_TARGET = 15.4;
				MARKETING_VERSION = 1.0;
				PRODUCT_BUNDLE_IDENTIFIER = com.bitar.FlickrImageSearchAppTests;
				PRODUCT_NAME = "$(TARGET_NAME)";
				SWIFT_EMIT_LOC_STRINGS = NO;
				SWIFT_VERSION = 5.0;
				TARGETED_DEVICE_FAMILY = "1,2";
				TEST_HOST = "$(BUILT_PRODUCTS_DIR)/FlickrImageSearchApp.app/FlickrImageSearchApp";
			};
			name = Release;
		};
		4C7B0B202823D34100C47E5F /* Debug */ = {
			isa = XCBuildConfiguration;
			buildSettings = {
				ALWAYS_EMBED_SWIFT_STANDARD_LIBRARIES = YES;
				CODE_SIGN_STYLE = Automatic;
				CURRENT_PROJECT_VERSION = 1;
				DEVELOPMENT_TEAM = ZUTM2D9M6W;
				GENERATE_INFOPLIST_FILE = YES;
				MARKETING_VERSION = 1.0;
				PRODUCT_BUNDLE_IDENTIFIER = com.bitar.FlickrImageSearchAppUITests;
				PRODUCT_NAME = "$(TARGET_NAME)";
				SWIFT_EMIT_LOC_STRINGS = NO;
				SWIFT_VERSION = 5.0;
				TARGETED_DEVICE_FAMILY = "1,2";
				TEST_TARGET_NAME = FlickrImageSearchApp;
			};
			name = Debug;
		};
		4C7B0B212823D34100C47E5F /* Release */ = {
			isa = XCBuildConfiguration;
			buildSettings = {
				ALWAYS_EMBED_SWIFT_STANDARD_LIBRARIES = YES;
				CODE_SIGN_STYLE = Automatic;
				CURRENT_PROJECT_VERSION = 1;
				DEVELOPMENT_TEAM = ZUTM2D9M6W;
				GENERATE_INFOPLIST_FILE = YES;
				MARKETING_VERSION = 1.0;
				PRODUCT_BUNDLE_IDENTIFIER = com.bitar.FlickrImageSearchAppUITests;
				PRODUCT_NAME = "$(TARGET_NAME)";
				SWIFT_EMIT_LOC_STRINGS = NO;
				SWIFT_VERSION = 5.0;
				TARGETED_DEVICE_FAMILY = "1,2";
				TEST_TARGET_NAME = FlickrImageSearchApp;
			};
			name = Release;
		};
/* End XCBuildConfiguration section */

/* Begin XCConfigurationList section */
		4C7B0AEA2823D34000C47E5F /* Build configuration list for PBXProject "FlickrImageSearchApp" */ = {
			isa = XCConfigurationList;
			buildConfigurations = (
				4C7B0B172823D34100C47E5F /* Debug */,
				4C7B0B182823D34100C47E5F /* Release */,
			);
			defaultConfigurationIsVisible = 0;
			defaultConfigurationName = Release;
		};
		4C7B0B192823D34100C47E5F /* Build configuration list for PBXNativeTarget "FlickrImageSearchApp" */ = {
			isa = XCConfigurationList;
			buildConfigurations = (
				4C7B0B1A2823D34100C47E5F /* Debug */,
				4C7B0B1B2823D34100C47E5F /* Release */,
			);
			defaultConfigurationIsVisible = 0;
			defaultConfigurationName = Release;
		};
		4C7B0B1C2823D34100C47E5F /* Build configuration list for PBXNativeTarget "FlickrImageSearchAppTests" */ = {
			isa = XCConfigurationList;
			buildConfigurations = (
				4C7B0B1D2823D34100C47E5F /* Debug */,
				4C7B0B1E2823D34100C47E5F /* Release */,
			);
			defaultConfigurationIsVisible = 0;
			defaultConfigurationName = Release;
		};
		4C7B0B1F2823D34100C47E5F /* Build configuration list for PBXNativeTarget "FlickrImageSearchAppUITests" */ = {
			isa = XCConfigurationList;
			buildConfigurations = (
				4C7B0B202823D34100C47E5F /* Debug */,
				4C7B0B212823D34100C47E5F /* Release */,
			);
			defaultConfigurationIsVisible = 0;
			defaultConfigurationName = Release;
		};
/* End XCConfigurationList section */

/* Begin XCVersionGroup section */
		4C95F6D728257D46006F340F /* ImageSearchStore.xcdatamodeld */ = {
			isa = XCVersionGroup;
			children = (
				4C95F6D828257D46006F340F /* ImageSearchStore.xcdatamodel */,
			);
			currentVersion = 4C95F6D828257D46006F340F /* ImageSearchStore.xcdatamodel */;
			path = ImageSearchStore.xcdatamodeld;
			sourceTree = "<group>";
			versionGroupType = wrapper.xcdatamodel;
		};
/* End XCVersionGroup section */
	};
	rootObject = 4C7B0AE72823D34000C47E5F /* Project object */;
}
